// !$*UTF8*$!
{
	archiveVersion = 1;
	classes = {
	};
	objectVersion = 50;
	objects = {

/* Begin PBXBuildFile section */
		14F33226244CC04200BD5886 /* AppDelegate.swift in Sources */ = {isa = PBXBuildFile; fileRef = 14F33225244CC04200BD5886 /* AppDelegate.swift */; };
		14F33228244CC04200BD5886 /* SceneDelegate.swift in Sources */ = {isa = PBXBuildFile; fileRef = 14F33227244CC04200BD5886 /* SceneDelegate.swift */; };
		14F3322A244CC04200BD5886 /* ContentView.swift in Sources */ = {isa = PBXBuildFile; fileRef = 14F33229244CC04200BD5886 /* ContentView.swift */; };
		14F3322C244CC04500BD5886 /* Assets.xcassets in Resources */ = {isa = PBXBuildFile; fileRef = 14F3322B244CC04500BD5886 /* Assets.xcassets */; };
		14F3322F244CC04500BD5886 /* Preview Assets.xcassets in Resources */ = {isa = PBXBuildFile; fileRef = 14F3322E244CC04500BD5886 /* Preview Assets.xcassets */; };
		14F33232244CC04500BD5886 /* LaunchScreen.storyboard in Resources */ = {isa = PBXBuildFile; fileRef = 14F33230244CC04500BD5886 /* LaunchScreen.storyboard */; };
		14F3323D244CC04500BD5886 /* Rakesh_Koplod_iOSTests.swift in Sources */ = {isa = PBXBuildFile; fileRef = 14F3323C244CC04500BD5886 /* Rakesh_Koplod_iOSTests.swift */; };
		14F33248244CC04500BD5886 /* Rakesh_Koplod_iOSUITests.swift in Sources */ = {isa = PBXBuildFile; fileRef = 14F33247244CC04500BD5886 /* Rakesh_Koplod_iOSUITests.swift */; };
/* End PBXBuildFile section */

/* Begin PBXContainerItemProxy section */
		14F33239244CC04500BD5886 /* PBXContainerItemProxy */ = {
			isa = PBXContainerItemProxy;
			containerPortal = 14F3321A244CC04200BD5886 /* Project object */;
			proxyType = 1;
			remoteGlobalIDString = 14F33221244CC04200BD5886;
			remoteInfo = Rakesh_Koplod_iOS;
		};
		14F33244244CC04500BD5886 /* PBXContainerItemProxy */ = {
			isa = PBXContainerItemProxy;
			containerPortal = 14F3321A244CC04200BD5886 /* Project object */;
			proxyType = 1;
			remoteGlobalIDString = 14F33221244CC04200BD5886;
			remoteInfo = Rakesh_Koplod_iOS;
		};
/* End PBXContainerItemProxy section */

/* Begin PBXFileReference section */
		14F33222244CC04200BD5886 /* Rakesh_Koplod_iOS.app */ = {isa = PBXFileReference; explicitFileType = wrapper.application; includeInIndex = 0; path = Rakesh_Koplod_iOS.app; sourceTree = BUILT_PRODUCTS_DIR; };
		14F33225244CC04200BD5886 /* AppDelegate.swift */ = {isa = PBXFileReference; lastKnownFileType = sourcecode.swift; path = AppDelegate.swift; sourceTree = "<group>"; };
		14F33227244CC04200BD5886 /* SceneDelegate.swift */ = {isa = PBXFileReference; lastKnownFileType = sourcecode.swift; path = SceneDelegate.swift; sourceTree = "<group>"; };
		14F33229244CC04200BD5886 /* ContentView.swift */ = {isa = PBXFileReference; lastKnownFileType = sourcecode.swift; path = ContentView.swift; sourceTree = "<group>"; };
		14F3322B244CC04500BD5886 /* Assets.xcassets */ = {isa = PBXFileReference; lastKnownFileType = folder.assetcatalog; path = Assets.xcassets; sourceTree = "<group>"; };
		14F3322E244CC04500BD5886 /* Preview Assets.xcassets */ = {isa = PBXFileReference; lastKnownFileType = folder.assetcatalog; path = "Preview Assets.xcassets"; sourceTree = "<group>"; };
		14F33231244CC04500BD5886 /* Base */ = {isa = PBXFileReference; lastKnownFileType = file.storyboard; name = Base; path = Base.lproj/LaunchScreen.storyboard; sourceTree = "<group>"; };
		14F33233244CC04500BD5886 /* Info.plist */ = {isa = PBXFileReference; lastKnownFileType = text.plist.xml; path = Info.plist; sourceTree = "<group>"; };
		14F33238244CC04500BD5886 /* Rakesh_Koplod_iOSTests.xctest */ = {isa = PBXFileReference; explicitFileType = wrapper.cfbundle; includeInIndex = 0; path = Rakesh_Koplod_iOSTests.xctest; sourceTree = BUILT_PRODUCTS_DIR; };
		14F3323C244CC04500BD5886 /* Rakesh_Koplod_iOSTests.swift */ = {isa = PBXFileReference; lastKnownFileType = sourcecode.swift; path = Rakesh_Koplod_iOSTests.swift; sourceTree = "<group>"; };
		14F3323E244CC04500BD5886 /* Info.plist */ = {isa = PBXFileReference; lastKnownFileType = text.plist.xml; path = Info.plist; sourceTree = "<group>"; };
		14F33243244CC04500BD5886 /* Rakesh_Koplod_iOSUITests.xctest */ = {isa = PBXFileReference; explicitFileType = wrapper.cfbundle; includeInIndex = 0; path = Rakesh_Koplod_iOSUITests.xctest; sourceTree = BUILT_PRODUCTS_DIR; };
		14F33247244CC04500BD5886 /* Rakesh_Koplod_iOSUITests.swift */ = {isa = PBXFileReference; lastKnownFileType = sourcecode.swift; path = Rakesh_Koplod_iOSUITests.swift; sourceTree = "<group>"; };
		14F33249244CC04500BD5886 /* Info.plist */ = {isa = PBXFileReference; lastKnownFileType = text.plist.xml; path = Info.plist; sourceTree = "<group>"; };
/* End PBXFileReference section */

/* Begin PBXFrameworksBuildPhase section */
		14F3321F244CC04200BD5886 /* Frameworks */ = {
			isa = PBXFrameworksBuildPhase;
			buildActionMask = 2147483647;
			files = (
			);
			runOnlyForDeploymentPostprocessing = 0;
		};
		14F33235244CC04500BD5886 /* Frameworks */ = {
			isa = PBXFrameworksBuildPhase;
			buildActionMask = 2147483647;
			files = (
			);
			runOnlyForDeploymentPostprocessing = 0;
		};
		14F33240244CC04500BD5886 /* Frameworks */ = {
			isa = PBXFrameworksBuildPhase;
			buildActionMask = 2147483647;
			files = (
			);
			runOnlyForDeploymentPostprocessing = 0;
		};
/* End PBXFrameworksBuildPhase section */

/* Begin PBXGroup section */
		14F33219244CC04200BD5886 = {
			isa = PBXGroup;
			children = (
				14F33224244CC04200BD5886 /* Rakesh_Koplod_iOS */,
				14F3323B244CC04500BD5886 /* Rakesh_Koplod_iOSTests */,
				14F33246244CC04500BD5886 /* Rakesh_Koplod_iOSUITests */,
				14F33223244CC04200BD5886 /* Products */,
			);
			sourceTree = "<group>";
		};
		14F33223244CC04200BD5886 /* Products */ = {
			isa = PBXGroup;
			children = (
				14F33222244CC04200BD5886 /* Rakesh_Koplod_iOS.app */,
				14F33238244CC04500BD5886 /* Rakesh_Koplod_iOSTests.xctest */,
				14F33243244CC04500BD5886 /* Rakesh_Koplod_iOSUITests.xctest */,
			);
			name = Products;
			sourceTree = "<group>";
		};
		14F33224244CC04200BD5886 /* Rakesh_Koplod_iOS */ = {
			isa = PBXGroup;
			children = (
				14F33225244CC04200BD5886 /* AppDelegate.swift */,
				14F33227244CC04200BD5886 /* SceneDelegate.swift */,
				14F33229244CC04200BD5886 /* ContentView.swift */,
				14F3322B244CC04500BD5886 /* Assets.xcassets */,
				14F33230244CC04500BD5886 /* LaunchScreen.storyboard */,
				14F33233244CC04500BD5886 /* Info.plist */,
				14F3322D244CC04500BD5886 /* Preview Content */,
			);
			path = Rakesh_Koplod_iOS;
			sourceTree = "<group>";
		};
		14F3322D244CC04500BD5886 /* Preview Content */ = {
			isa = PBXGroup;
			children = (
				14F3322E244CC04500BD5886 /* Preview Assets.xcassets */,
			);
			path = "Preview Content";
			sourceTree = "<group>";
		};
		14F3323B244CC04500BD5886 /* Rakesh_Koplod_iOSTests */ = {
			isa = PBXGroup;
			children = (
				14F3323C244CC04500BD5886 /* Rakesh_Koplod_iOSTests.swift */,
				14F3323E244CC04500BD5886 /* Info.plist */,
			);
			path = Rakesh_Koplod_iOSTests;
			sourceTree = "<group>";
		};
		14F33246244CC04500BD5886 /* Rakesh_Koplod_iOSUITests */ = {
			isa = PBXGroup;
			children = (
				14F33247244CC04500BD5886 /* Rakesh_Koplod_iOSUITests.swift */,
				14F33249244CC04500BD5886 /* Info.plist */,
			);
			path = Rakesh_Koplod_iOSUITests;
			sourceTree = "<group>";
		};
/* End PBXGroup section */

/* Begin PBXNativeTarget section */
		14F33221244CC04200BD5886 /* Rakesh_Koplod_iOS */ = {
			isa = PBXNativeTarget;
			buildConfigurationList = 14F3324C244CC04500BD5886 /* Build configuration list for PBXNativeTarget "Rakesh_Koplod_iOS" */;
			buildPhases = (
				14F3321E244CC04200BD5886 /* Sources */,
				14F3321F244CC04200BD5886 /* Frameworks */,
				14F33220244CC04200BD5886 /* Resources */,
			);
			buildRules = (
			);
			dependencies = (
			);
			name = Rakesh_Koplod_iOS;
			productName = Rakesh_Koplod_iOS;
			productReference = 14F33222244CC04200BD5886 /* Rakesh_Koplod_iOS.app */;
			productType = "com.apple.product-type.application";
		};
		14F33237244CC04500BD5886 /* Rakesh_Koplod_iOSTests */ = {
			isa = PBXNativeTarget;
			buildConfigurationList = 14F3324F244CC04500BD5886 /* Build configuration list for PBXNativeTarget "Rakesh_Koplod_iOSTests" */;
			buildPhases = (
				14F33234244CC04500BD5886 /* Sources */,
				14F33235244CC04500BD5886 /* Frameworks */,
				14F33236244CC04500BD5886 /* Resources */,
			);
			buildRules = (
			);
			dependencies = (
				14F3323A244CC04500BD5886 /* PBXTargetDependency */,
			);
			name = Rakesh_Koplod_iOSTests;
			productName = Rakesh_Koplod_iOSTests;
			productReference = 14F33238244CC04500BD5886 /* Rakesh_Koplod_iOSTests.xctest */;
			productType = "com.apple.product-type.bundle.unit-test";
		};
		14F33242244CC04500BD5886 /* Rakesh_Koplod_iOSUITests */ = {
			isa = PBXNativeTarget;
			buildConfigurationList = 14F33252244CC04500BD5886 /* Build configuration list for PBXNativeTarget "Rakesh_Koplod_iOSUITests" */;
			buildPhases = (
				14F3323F244CC04500BD5886 /* Sources */,
				14F33240244CC04500BD5886 /* Frameworks */,
				14F33241244CC04500BD5886 /* Resources */,
			);
			buildRules = (
			);
			dependencies = (
				14F33245244CC04500BD5886 /* PBXTargetDependency */,
			);
			name = Rakesh_Koplod_iOSUITests;
			productName = Rakesh_Koplod_iOSUITests;
			productReference = 14F33243244CC04500BD5886 /* Rakesh_Koplod_iOSUITests.xctest */;
			productType = "com.apple.product-type.bundle.ui-testing";
		};
/* End PBXNativeTarget section */

/* Begin PBXProject section */
		14F3321A244CC04200BD5886 /* Project object */ = {
			isa = PBXProject;
			attributes = {
				LastSwiftUpdateCheck = 1130;
				LastUpgradeCheck = 1130;
				ORGANIZATIONNAME = Rakesh;
				TargetAttributes = {
					14F33221244CC04200BD5886 = {
						CreatedOnToolsVersion = 11.3.1;
					};
					14F33237244CC04500BD5886 = {
						CreatedOnToolsVersion = 11.3.1;
						TestTargetID = 14F33221244CC04200BD5886;
					};
					14F33242244CC04500BD5886 = {
						CreatedOnToolsVersion = 11.3.1;
						TestTargetID = 14F33221244CC04200BD5886;
					};
				};
			};
			buildConfigurationList = 14F3321D244CC04200BD5886 /* Build configuration list for PBXProject "Rakesh_Koplod_iOS" */;
			compatibilityVersion = "Xcode 9.3";
			developmentRegion = en;
			hasScannedForEncodings = 0;
			knownRegions = (
				en,
				Base,
			);
			mainGroup = 14F33219244CC04200BD5886;
			productRefGroup = 14F33223244CC04200BD5886 /* Products */;
			projectDirPath = "";
			projectRoot = "";
			targets = (
				14F33221244CC04200BD5886 /* Rakesh_Koplod_iOS */,
				14F33237244CC04500BD5886 /* Rakesh_Koplod_iOSTests */,
				14F33242244CC04500BD5886 /* Rakesh_Koplod_iOSUITests */,
			);
		};
/* End PBXProject section */

/* Begin PBXResourcesBuildPhase section */
		14F33220244CC04200BD5886 /* Resources */ = {
			isa = PBXResourcesBuildPhase;
			buildActionMask = 2147483647;
			files = (
				14F33232244CC04500BD5886 /* LaunchScreen.storyboard in Resources */,
				14F3322F244CC04500BD5886 /* Preview Assets.xcassets in Resources */,
				14F3322C244CC04500BD5886 /* Assets.xcassets in Resources */,
			);
			runOnlyForDeploymentPostprocessing = 0;
		};
		14F33236244CC04500BD5886 /* Resources */ = {
			isa = PBXResourcesBuildPhase;
			buildActionMask = 2147483647;
			files = (
			);
			runOnlyForDeploymentPostprocessing = 0;
		};
		14F33241244CC04500BD5886 /* Resources */ = {
			isa = PBXResourcesBuildPhase;
			buildActionMask = 2147483647;
			files = (
			);
			runOnlyForDeploymentPostprocessing = 0;
		};
/* End PBXResourcesBuildPhase section */

/* Begin PBXSourcesBuildPhase section */
		14F3321E244CC04200BD5886 /* Sources */ = {
			isa = PBXSourcesBuildPhase;
			buildActionMask = 2147483647;
			files = (
				14F33226244CC04200BD5886 /* AppDelegate.swift in Sources */,
				14F33228244CC04200BD5886 /* SceneDelegate.swift in Sources */,
				14F3322A244CC04200BD5886 /* ContentView.swift in Sources */,
			);
			runOnlyForDeploymentPostprocessing = 0;
		};
		14F33234244CC04500BD5886 /* Sources */ = {
			isa = PBXSourcesBuildPhase;
			buildActionMask = 2147483647;
			files = (
				14F3323D244CC04500BD5886 /* Rakesh_Koplod_iOSTests.swift in Sources */,
			);
			runOnlyForDeploymentPostprocessing = 0;
		};
		14F3323F244CC04500BD5886 /* Sources */ = {
			isa = PBXSourcesBuildPhase;
			buildActionMask = 2147483647;
			files = (
				14F33248244CC04500BD5886 /* Rakesh_Koplod_iOSUITests.swift in Sources */,
			);
			runOnlyForDeploymentPostprocessing = 0;
		};
/* End PBXSourcesBuildPhase section */

/* Begin PBXTargetDependency section */
		14F3323A244CC04500BD5886 /* PBXTargetDependency */ = {
			isa = PBXTargetDependency;
			target = 14F33221244CC04200BD5886 /* Rakesh_Koplod_iOS */;
			targetProxy = 14F33239244CC04500BD5886 /* PBXContainerItemProxy */;
		};
		14F33245244CC04500BD5886 /* PBXTargetDependency */ = {
			isa = PBXTargetDependency;
			target = 14F33221244CC04200BD5886 /* Rakesh_Koplod_iOS */;
			targetProxy = 14F33244244CC04500BD5886 /* PBXContainerItemProxy */;
		};
/* End PBXTargetDependency section */

/* Begin PBXVariantGroup section */
		14F33230244CC04500BD5886 /* LaunchScreen.storyboard */ = {
			isa = PBXVariantGroup;
			children = (
				14F33231244CC04500BD5886 /* Base */,
			);
			name = LaunchScreen.storyboard;
			sourceTree = "<group>";
		};
/* End PBXVariantGroup section */

/* Begin XCBuildConfiguration section */
		14F3324A244CC04500BD5886 /* Debug */ = {
			isa = XCBuildConfiguration;
			buildSettings = {
				ALWAYS_SEARCH_USER_PATHS = NO;
				CLANG_ANALYZER_NONNULL = YES;
				CLANG_ANALYZER_NUMBER_OBJECT_CONVERSION = YES_AGGRESSIVE;
				CLANG_CXX_LANGUAGE_STANDARD = "gnu++14";
				CLANG_CXX_LIBRARY = "libc++";
				CLANG_ENABLE_MODULES = YES;
				CLANG_ENABLE_OBJC_ARC = YES;
				CLANG_ENABLE_OBJC_WEAK = YES;
				CLANG_WARN_BLOCK_CAPTURE_AUTORELEASING = YES;
				CLANG_WARN_BOOL_CONVERSION = YES;
				CLANG_WARN_COMMA = YES;
				CLANG_WARN_CONSTANT_CONVERSION = YES;
				CLANG_WARN_DEPRECATED_OBJC_IMPLEMENTATIONS = YES;
				CLANG_WARN_DIRECT_OBJC_ISA_USAGE = YES_ERROR;
				CLANG_WARN_DOCUMENTATION_COMMENTS = YES;
				CLANG_WARN_EMPTY_BODY = YES;
				CLANG_WARN_ENUM_CONVERSION = YES;
				CLANG_WARN_INFINITE_RECURSION = YES;
				CLANG_WARN_INT_CONVERSION = YES;
				CLANG_WARN_NON_LITERAL_NULL_CONVERSION = YES;
				CLANG_WARN_OBJC_IMPLICIT_RETAIN_SELF = YES;
				CLANG_WARN_OBJC_LITERAL_CONVERSION = YES;
				CLANG_WARN_OBJC_ROOT_CLASS = YES_ERROR;
				CLANG_WARN_RANGE_LOOP_ANALYSIS = YES;
				CLANG_WARN_STRICT_PROTOTYPES = YES;
				CLANG_WARN_SUSPICIOUS_MOVE = YES;
				CLANG_WARN_UNGUARDED_AVAILABILITY = YES_AGGRESSIVE;
				CLANG_WARN_UNREACHABLE_CODE = YES;
				CLANG_WARN__DUPLICATE_METHOD_MATCH = YES;
				COPY_PHASE_STRIP = NO;
				DEBUG_INFORMATION_FORMAT = dwarf;
				ENABLE_STRICT_OBJC_MSGSEND = YES;
				ENABLE_TESTABILITY = YES;
				GCC_C_LANGUAGE_STANDARD = gnu11;
				GCC_DYNAMIC_NO_PIC = NO;
				GCC_NO_COMMON_BLOCKS = YES;
				GCC_OPTIMIZATION_LEVEL = 0;
				GCC_PREPROCESSOR_DEFINITIONS = (
					"DEBUG=1",
					"$(inherited)",
				);
				GCC_WARN_64_TO_32_BIT_CONVERSION = YES;
				GCC_WARN_ABOUT_RETURN_TYPE = YES_ERROR;
				GCC_WARN_UNDECLARED_SELECTOR = YES;
				GCC_WARN_UNINITIALIZED_AUTOS = YES_AGGRESSIVE;
				GCC_WARN_UNUSED_FUNCTION = YES;
				GCC_WARN_UNUSED_VARIABLE = YES;
				IPHONEOS_DEPLOYMENT_TARGET = 13.2;
				MTL_ENABLE_DEBUG_INFO = INCLUDE_SOURCE;
				MTL_FAST_MATH = YES;
				ONLY_ACTIVE_ARCH = YES;
				SDKROOT = iphoneos;
				SWIFT_ACTIVE_COMPILATION_CONDITIONS = DEBUG;
				SWIFT_OPTIMIZATION_LEVEL = "-Onone";
			};
			name = Debug;
		};
		14F3324B244CC04500BD5886 /* Release */ = {
			isa = XCBuildConfiguration;
			buildSettings = {
				ALWAYS_SEARCH_USER_PATHS = NO;
				CLANG_ANALYZER_NONNULL = YES;
				CLANG_ANALYZER_NUMBER_OBJECT_CONVERSION = YES_AGGRESSIVE;
				CLANG_CXX_LANGUAGE_STANDARD = "gnu++14";
				CLANG_CXX_LIBRARY = "libc++";
				CLANG_ENABLE_MODULES = YES;
				CLANG_ENABLE_OBJC_ARC = YES;
				CLANG_ENABLE_OBJC_WEAK = YES;
				CLANG_WARN_BLOCK_CAPTURE_AUTORELEASING = YES;
				CLANG_WARN_BOOL_CONVERSION = YES;
				CLANG_WARN_COMMA = YES;
				CLANG_WARN_CONSTANT_CONVERSION = YES;
				CLANG_WARN_DEPRECATED_OBJC_IMPLEMENTATIONS = YES;
				CLANG_WARN_DIRECT_OBJC_ISA_USAGE = YES_ERROR;
				CLANG_WARN_DOCUMENTATION_COMMENTS = YES;
				CLANG_WARN_EMPTY_BODY = YES;
				CLANG_WARN_ENUM_CONVERSION = YES;
				CLANG_WARN_INFINITE_RECURSION = YES;
				CLANG_WARN_INT_CONVERSION = YES;
				CLANG_WARN_NON_LITERAL_NULL_CONVERSION = YES;
				CLANG_WARN_OBJC_IMPLICIT_RETAIN_SELF = YES;
				CLANG_WARN_OBJC_LITERAL_CONVERSION = YES;
				CLANG_WARN_OBJC_ROOT_CLASS = YES_ERROR;
				CLANG_WARN_RANGE_LOOP_ANALYSIS = YES;
				CLANG_WARN_STRICT_PROTOTYPES = YES;
				CLANG_WARN_SUSPICIOUS_MOVE = YES;
				CLANG_WARN_UNGUARDED_AVAILABILITY = YES_AGGRESSIVE;
				CLANG_WARN_UNREACHABLE_CODE = YES;
				CLANG_WARN__DUPLICATE_METHOD_MATCH = YES;
				COPY_PHASE_STRIP = NO;
				DEBUG_INFORMATION_FORMAT = "dwarf-with-dsym";
				ENABLE_NS_ASSERTIONS = NO;
				ENABLE_STRICT_OBJC_MSGSEND = YES;
				GCC_C_LANGUAGE_STANDARD = gnu11;
				GCC_NO_COMMON_BLOCKS = YES;
				GCC_WARN_64_TO_32_BIT_CONVERSION = YES;
				GCC_WARN_ABOUT_RETURN_TYPE = YES_ERROR;
				GCC_WARN_UNDECLARED_SELECTOR = YES;
				GCC_WARN_UNINITIALIZED_AUTOS = YES_AGGRESSIVE;
				GCC_WARN_UNUSED_FUNCTION = YES;
				GCC_WARN_UNUSED_VARIABLE = YES;
				IPHONEOS_DEPLOYMENT_TARGET = 13.2;
				MTL_ENABLE_DEBUG_INFO = NO;
				MTL_FAST_MATH = YES;
				SDKROOT = iphoneos;
				SWIFT_COMPILATION_MODE = wholemodule;
				SWIFT_OPTIMIZATION_LEVEL = "-O";
				VALIDATE_PRODUCT = YES;
			};
			name = Release;
		};
		14F3324D244CC04500BD5886 /* Debug */ = {
			isa = XCBuildConfiguration;
			buildSettings = {
				ASSETCATALOG_COMPILER_APPICON_NAME = AppIcon;
				CODE_SIGN_STYLE = Automatic;
				DEVELOPMENT_ASSET_PATHS = "\"Rakesh_Koplod_iOS/Preview Content\"";
				ENABLE_PREVIEWS = YES;
				INFOPLIST_FILE = Rakesh_Koplod_iOS/Info.plist;
				LD_RUNPATH_SEARCH_PATHS = (
					"$(inherited)",
					"@executable_path/Frameworks",
				);
				PRODUCT_BUNDLE_IDENTIFIER = "com.rakesh.ios.Rakesh-Koplod-iOS";
				PRODUCT_NAME = "$(TARGET_NAME)";
				SWIFT_VERSION = 5.0;
				TARGETED_DEVICE_FAMILY = "1,2";
			};
			name = Debug;
		};
		14F3324E244CC04500BD5886 /* Release */ = {
			isa = XCBuildConfiguration;
			buildSettings = {
				ASSETCATALOG_COMPILER_APPICON_NAME = AppIcon;
				CODE_SIGN_STYLE = Automatic;
				DEVELOPMENT_ASSET_PATHS = "\"Rakesh_Koplod_iOS/Preview Content\"";
				ENABLE_PREVIEWS = YES;
				INFOPLIST_FILE = Rakesh_Koplod_iOS/Info.plist;
				LD_RUNPATH_SEARCH_PATHS = (
					"$(inherited)",
					"@executable_path/Frameworks",
				);
				PRODUCT_BUNDLE_IDENTIFIER = "com.rakesh.ios.Rakesh-Koplod-iOS";
				PRODUCT_NAME = "$(TARGET_NAME)";
				SWIFT_VERSION = 5.0;
				TARGETED_DEVICE_FAMILY = "1,2";
			};
			name = Release;
		};
		14F33250244CC04500BD5886 /* Debug */ = {
			isa = XCBuildConfiguration;
			buildSettings = {
				ALWAYS_EMBED_SWIFT_STANDARD_LIBRARIES = YES;
				BUNDLE_LOADER = "$(TEST_HOST)";
				CODE_SIGN_STYLE = Automatic;
				INFOPLIST_FILE = Rakesh_Koplod_iOSTests/Info.plist;
				IPHONEOS_DEPLOYMENT_TARGET = 13.2;
				LD_RUNPATH_SEARCH_PATHS = (
					"$(inherited)",
					"@executable_path/Frameworks",
					"@loader_path/Frameworks",
				);
				PRODUCT_BUNDLE_IDENTIFIER = "com.rakesh.ios.Rakesh-Koplod-iOSTests";
				PRODUCT_NAME = "$(TARGET_NAME)";
				SWIFT_VERSION = 5.0;
				TARGETED_DEVICE_FAMILY = "1,2";
				TEST_HOST = "$(BUILT_PRODUCTS_DIR)/Rakesh_Koplod_iOS.app/Rakesh_Koplod_iOS";
			};
			name = Debug;
		};
		14F33251244CC04500BD5886 /* Release */ = {
			isa = XCBuildConfiguration;
			buildSettings = {
				ALWAYS_EMBED_SWIFT_STANDARD_LIBRARIES = YES;
				BUNDLE_LOADER = "$(TEST_HOST)";
				CODE_SIGN_STYLE = Automatic;
				INFOPLIST_FILE = Rakesh_Koplod_iOSTests/Info.plist;
				IPHONEOS_DEPLOYMENT_TARGET = 13.2;
				LD_RUNPATH_SEARCH_PATHS = (
					"$(inherited)",
					"@executable_path/Frameworks",
					"@loader_path/Frameworks",
				);
				PRODUCT_BUNDLE_IDENTIFIER = "com.rakesh.ios.Rakesh-Koplod-iOSTests";
				PRODUCT_NAME = "$(TARGET_NAME)";
				SWIFT_VERSION = 5.0;
				TARGETED_DEVICE_FAMILY = "1,2";
				TEST_HOST = "$(BUILT_PRODUCTS_DIR)/Rakesh_Koplod_iOS.app/Rakesh_Koplod_iOS";
			};
			name = Release;
		};
		14F33253244CC04500BD5886 /* Debug */ = {
			isa = XCBuildConfiguration;
			buildSettings = {
				ALWAYS_EMBED_SWIFT_STANDARD_LIBRARIES = YES;
				CODE_SIGN_STYLE = Automatic;
				INFOPLIST_FILE = Rakesh_Koplod_iOSUITests/Info.plist;
				LD_RUNPATH_SEARCH_PATHS = (
					"$(inherited)",
					"@executable_path/Frameworks",
					"@loader_path/Frameworks",
				);
				PRODUCT_BUNDLE_IDENTIFIER = "com.rakesh.ios.Rakesh-Koplod-iOSUITests";
				PRODUCT_NAME = "$(TARGET_NAME)";
				SWIFT_VERSION = 5.0;
				TARGETED_DEVICE_FAMILY = "1,2";
				TEST_TARGET_NAME = Rakesh_Koplod_iOS;
			};
			name = Debug;
		};
		14F33254244CC04500BD5886 /* Release */ = {
			isa = XCBuildConfiguration;
			buildSettings = {
				ALWAYS_EMBED_SWIFT_STANDARD_LIBRARIES = YES;
				CODE_SIGN_STYLE = Automatic;
				INFOPLIST_FILE = Rakesh_Koplod_iOSUITests/Info.plist;
				LD_RUNPATH_SEARCH_PATHS = (
					"$(inherited)",
					"@executable_path/Frameworks",
					"@loader_path/Frameworks",
				);
				PRODUCT_BUNDLE_IDENTIFIER = "com.rakesh.ios.Rakesh-Koplod-iOSUITests";
				PRODUCT_NAME = "$(TARGET_NAME)";
				SWIFT_VERSION = 5.0;
				TARGETED_DEVICE_FAMILY = "1,2";
				TEST_TARGET_NAME = Rakesh_Koplod_iOS;
			};
			name = Release;
		};
/* End XCBuildConfiguration section */

/* Begin XCConfigurationList section */
		14F3321D244CC04200BD5886 /* Build configuration list for PBXProject "Rakesh_Koplod_iOS" */ = {
			isa = XCConfigurationList;
			buildConfigurations = (
				14F3324A244CC04500BD5886 /* Debug */,
				14F3324B244CC04500BD5886 /* Release */,
			);
			defaultConfigurationIsVisible = 0;
			defaultConfigurationName = Release;
		};
		14F3324C244CC04500BD5886 /* Build configuration list for PBXNativeTarget "Rakesh_Koplod_iOS" */ = {
			isa = XCConfigurationList;
			buildConfigurations = (
				14F3324D244CC04500BD5886 /* Debug */,
				14F3324E244CC04500BD5886 /* Release */,
			);
			defaultConfigurationIsVisible = 0;
			defaultConfigurationName = Release;
		};
		14F3324F244CC04500BD5886 /* Build configuration list for PBXNativeTarget "Rakesh_Koplod_iOSTests" */ = {
			isa = XCConfigurationList;
			buildConfigurations = (
				14F33250244CC04500BD5886 /* Debug */,
				14F33251244CC04500BD5886 /* Release */,
			);
			defaultConfigurationIsVisible = 0;
			defaultConfigurationName = Release;
		};
		14F33252244CC04500BD5886 /* Build configuration list for PBXNativeTarget "Rakesh_Koplod_iOSUITests" */ = {
			isa = XCConfigurationList;
			buildConfigurations = (
				14F33253244CC04500BD5886 /* Debug */,
				14F33254244CC04500BD5886 /* Release */,
			);
			defaultConfigurationIsVisible = 0;
			defaultConfigurationName = Release;
		};
/* End XCConfigurationList section */
	};
	rootObject = 14F3321A244CC04200BD5886 /* Project object */;
}
